// !$*UTF8*$!
{
	archiveVersion = 1;
	classes = {
	};
	objectVersion = 46;
	objects = {

/* Begin PBXBuildFile section */
		04181B8219EBEF69000A546B /* options2.png in Resources */ = {isa = PBXBuildFile; fileRef = 04181B7F19EBEF69000A546B /* options2.png */; };
		04A2EB2919EFF83100CCCFA6 /* arrow_fwd2.png in Resources */ = {isa = PBXBuildFile; fileRef = 04A2EB2819EFF83100CCCFA6 /* arrow_fwd2.png */; };
		04A2EB2C19F02C3000CCCFA6 /* YVHUtil.m in Sources */ = {isa = PBXBuildFile; fileRef = 04A2EB2B19F02C3000CCCFA6 /* YVHUtil.m */; };
		04A2EB2F19F042D500CCCFA6 /* YVHCoreDataVC.m in Sources */ = {isa = PBXBuildFile; fileRef = 04A2EB2E19F042D500CCCFA6 /* YVHCoreDataVC.m */; };
		04A5106519F1186800A58FED /* options5.png in Resources */ = {isa = PBXBuildFile; fileRef = 04A5106419F1186800A58FED /* options5.png */; };
		04A5106919F11D2000A58FED /* delete-256.png in Resources */ = {isa = PBXBuildFile; fileRef = 04A5106819F11D2000A58FED /* delete-256.png */; };
		04A59CA519EEE46C00BA1896 /* FilterCell.m in Sources */ = {isa = PBXBuildFile; fileRef = 04A59CA419EEE46C00BA1896 /* FilterCell.m */; };
		04A59CA919EEECB200BA1896 /* FilterCell.xib in Resources */ = {isa = PBXBuildFile; fileRef = 04A59CA819EEECB200BA1896 /* FilterCell.xib */; };
		04A6BF1519DB24550000FA32 /* Foundation.framework in Frameworks */ = {isa = PBXBuildFile; fileRef = 04A6BF1419DB24550000FA32 /* Foundation.framework */; };
		04A6BF1719DB24550000FA32 /* CoreGraphics.framework in Frameworks */ = {isa = PBXBuildFile; fileRef = 04A6BF1619DB24550000FA32 /* CoreGraphics.framework */; };
		04A6BF1919DB24550000FA32 /* UIKit.framework in Frameworks */ = {isa = PBXBuildFile; fileRef = 04A6BF1819DB24550000FA32 /* UIKit.framework */; };
		04A6BF1F19DB24550000FA32 /* InfoPlist.strings in Resources */ = {isa = PBXBuildFile; fileRef = 04A6BF1D19DB24550000FA32 /* InfoPlist.strings */; };
		04A6BF2119DB24550000FA32 /* main.m in Sources */ = {isa = PBXBuildFile; fileRef = 04A6BF2019DB24550000FA32 /* main.m */; };
		04A6BF2819DB24550000FA32 /* Main.storyboard in Resources */ = {isa = PBXBuildFile; fileRef = 04A6BF2619DB24550000FA32 /* Main.storyboard */; };
		04A6BF2D19DB24550000FA32 /* Images.xcassets in Resources */ = {isa = PBXBuildFile; fileRef = 04A6BF2C19DB24550000FA32 /* Images.xcassets */; };
		04A6BF3419DB24550000FA32 /* XCTest.framework in Frameworks */ = {isa = PBXBuildFile; fileRef = 04A6BF3319DB24550000FA32 /* XCTest.framework */; };
		04A6BF3519DB24550000FA32 /* Foundation.framework in Frameworks */ = {isa = PBXBuildFile; fileRef = 04A6BF1419DB24550000FA32 /* Foundation.framework */; };
		04A6BF3619DB24550000FA32 /* UIKit.framework in Frameworks */ = {isa = PBXBuildFile; fileRef = 04A6BF1819DB24550000FA32 /* UIKit.framework */; };
		04A6BF3E19DB24550000FA32 /* InfoPlist.strings in Resources */ = {isa = PBXBuildFile; fileRef = 04A6BF3C19DB24550000FA32 /* InfoPlist.strings */; };
		04A6BF4019DB24550000FA32 /* PicsBook_iOSTests.m in Sources */ = {isa = PBXBuildFile; fileRef = 04A6BF3F19DB24550000FA32 /* PicsBook_iOSTests.m */; };
		04A6BF4C19DB258F0000FA32 /* YVHCameraVC.m in Sources */ = {isa = PBXBuildFile; fileRef = 04A6BF4B19DB258F0000FA32 /* YVHCameraVC.m */; };
		04A6BF5F19DB2B550000FA32 /* YVHGalleryVC.m in Sources */ = {isa = PBXBuildFile; fileRef = 04A6BF5E19DB2B550000FA32 /* YVHGalleryVC.m */; };
		04A6BF6819DB2C8F0000FA32 /* Flickr.m in Sources */ = {isa = PBXBuildFile; fileRef = 04A6BF6519DB2C8F0000FA32 /* Flickr.m */; };
		04A6BF6919DB2C8F0000FA32 /* FlickrPhoto.m in Sources */ = {isa = PBXBuildFile; fileRef = 04A6BF6719DB2C8F0000FA32 /* FlickrPhoto.m */; };
		04A6BF6E19DB2D620000FA32 /* CVCell.m in Sources */ = {isa = PBXBuildFile; fileRef = 04A6BF6C19DB2D620000FA32 /* CVCell.m */; };
		04A6BF6F19DB2D620000FA32 /* CVCell.xib in Resources */ = {isa = PBXBuildFile; fileRef = 04A6BF6D19DB2D620000FA32 /* CVCell.xib */; };
		04A6BF7219DB2DAD0000FA32 /* YVHPicVC.m in Sources */ = {isa = PBXBuildFile; fileRef = 04A6BF7119DB2DAD0000FA32 /* YVHPicVC.m */; };
		04A6BF7419DB37AE0000FA32 /* YVHAppDelegate.m in Sources */ = {isa = PBXBuildFile; fileRef = 04A6BF7319DB37AE0000FA32 /* YVHAppDelegate.m */; };
		04A6BF8319DB3F320000FA32 /* _Face.m in Sources */ = {isa = PBXBuildFile; fileRef = 04A6BF7C19DB3F320000FA32 /* _Face.m */; };
		04A6BF8419DB3F320000FA32 /* _Pic.m in Sources */ = {isa = PBXBuildFile; fileRef = 04A6BF7E19DB3F320000FA32 /* _Pic.m */; };
		04A6BF8919DB43D30000FA32 /* YVHCoreDataStack.m in Sources */ = {isa = PBXBuildFile; fileRef = 04A6BF8819DB43D30000FA32 /* YVHCoreDataStack.m */; };
		04A6BF8C19DB4C6E0000FA32 /* Model.xcdatamodeld in Sources */ = {isa = PBXBuildFile; fileRef = 04A6BF8A19DB4C6E0000FA32 /* Model.xcdatamodeld */; };
		04A6BF9B19DB6B0E0000FA32 /* TabBar.png in Resources */ = {isa = PBXBuildFile; fileRef = 04A6BF8E19DB6B0E0000FA32 /* TabBar.png */; };
		04A6BF9C19DB6B0E0000FA32 /* WorldOn.png in Resources */ = {isa = PBXBuildFile; fileRef = 04A6BF8F19DB6B0E0000FA32 /* WorldOn.png */; };
		04A6BF9D19DB6B0E0000FA32 /* worldOff.png in Resources */ = {isa = PBXBuildFile; fileRef = 04A6BF9019DB6B0E0000FA32 /* worldOff.png */; };
		04A6BF9E19DB6B0E0000FA32 /* Galery.png in Resources */ = {isa = PBXBuildFile; fileRef = 04A6BF9119DB6B0E0000FA32 /* Galery.png */; };
		04A6BF9F19DB6B0E0000FA32 /* mapOn.png in Resources */ = {isa = PBXBuildFile; fileRef = 04A6BF9219DB6B0E0000FA32 /* mapOn.png */; };
		04A6BFA019DB6B0E0000FA32 /* mapOff.png in Resources */ = {isa = PBXBuildFile; fileRef = 04A6BF9319DB6B0E0000FA32 /* mapOff.png */; };
		04A6BFA119DB6B0E0000FA32 /* Galery_s.png in Resources */ = {isa = PBXBuildFile; fileRef = 04A6BF9419DB6B0E0000FA32 /* Galery_s.png */; };
		04A6BFA219DB6B0E0000FA32 /* menu.png in Resources */ = {isa = PBXBuildFile; fileRef = 04A6BF9519DB6B0E0000FA32 /* menu.png */; };
		04A6BFA319DB6B0E0000FA32 /* bg_cork.png in Resources */ = {isa = PBXBuildFile; fileRef = 04A6BF9619DB6B0E0000FA32 /* bg_cork.png */; };
		04A6BFA419DB6B0E0000FA32 /* bg_cork@2x.png in Resources */ = {isa = PBXBuildFile; fileRef = 04A6BF9719DB6B0E0000FA32 /* bg_cork@2x.png */; };
		04A6BFA519DB6B0E0000FA32 /* cameraOff.png in Resources */ = {isa = PBXBuildFile; fileRef = 04A6BF9819DB6B0E0000FA32 /* cameraOff.png */; };
		04A6BFA619DB6B0E0000FA32 /* pushpin.png in Resources */ = {isa = PBXBuildFile; fileRef = 04A6BF9919DB6B0E0000FA32 /* pushpin.png */; };
		04A6BFA719DB6B0E0000FA32 /* pushpin@2x.png in Resources */ = {isa = PBXBuildFile; fileRef = 04A6BF9A19DB6B0E0000FA32 /* pushpin@2x.png */; };
		04A6BFAA19DB74F90000FA32 /* Pic.m in Sources */ = {isa = PBXBuildFile; fileRef = 04A6BFA919DB74F90000FA32 /* Pic.m */; };
		04A6BFAD19DB74FA0000FA32 /* Face.m in Sources */ = {isa = PBXBuildFile; fileRef = 04A6BFAC19DB74FA0000FA32 /* Face.m */; };
		04A72CEB19ED720D009C2775 /* info.png in Resources */ = {isa = PBXBuildFile; fileRef = 04A72CEA19ED720D009C2775 /* info.png */; };
		04A7C53719E558D900DDF124 /* Foto2.jpg in Resources */ = {isa = PBXBuildFile; fileRef = 04A7C53319E558D900DDF124 /* Foto2.jpg */; };
		04A7C53819E558D900DDF124 /* Foto1.jpg in Resources */ = {isa = PBXBuildFile; fileRef = 04A7C53419E558D900DDF124 /* Foto1.jpg */; };
		04A7C53919E558D900DDF124 /* Foto3.jpg in Resources */ = {isa = PBXBuildFile; fileRef = 04A7C53519E558D900DDF124 /* Foto3.jpg */; };
		04A7C53A19E558D900DDF124 /* Foto4.jpg in Resources */ = {isa = PBXBuildFile; fileRef = 04A7C53619E558D900DDF124 /* Foto4.jpg */; };
		04A8753119E2B94400DC6923 /* YVHMapVC.m in Sources */ = {isa = PBXBuildFile; fileRef = 04A8753019E2B94400DC6923 /* YVHMapVC.m */; };
		04A8753419E2B95300DC6923 /* YVH MapViewAnnotation.m in Sources */ = {isa = PBXBuildFile; fileRef = 04A8753319E2B95300DC6923 /* YVH MapViewAnnotation.m */; };
		04A8753619E2B99700DC6923 /* Locations.plist in Resources */ = {isa = PBXBuildFile; fileRef = 04A8753519E2B99700DC6923 /* Locations.plist */; };
		04A8D95919E4042B00347349 /* YVHMainVC.m in Sources */ = {isa = PBXBuildFile; fileRef = 04A8D95819E4042B00347349 /* YVHMainVC.m */; };
		04A8D95C19E4494100347349 /* RXCustomTabBar.m in Sources */ = {isa = PBXBuildFile; fileRef = 04A8D95B19E4494100347349 /* RXCustomTabBar.m */; };
		04A8D95E19E4616400347349 /* HeaderBar.png in Resources */ = {isa = PBXBuildFile; fileRef = 04A8D95D19E4616400347349 /* HeaderBar.png */; };
		04A8D96019E47D4F00347349 /* arrow_fwd.png in Resources */ = {isa = PBXBuildFile; fileRef = 04A8D95F19E47D4F00347349 /* arrow_fwd.png */; };
		04A8D96719E4CEAB00347349 /* YVHDAO.m in Sources */ = {isa = PBXBuildFile; fileRef = 04A8D96619E4CEAB00347349 /* YVHDAO.m */; };
		04AE76D019EF50CE007976E5 /* filter_s.png in Resources */ = {isa = PBXBuildFile; fileRef = 04AE76CE19EF50CD007976E5 /* filter_s.png */; };
		04AE76D119EF50CE007976E5 /* face_s.png in Resources */ = {isa = PBXBuildFile; fileRef = 04AE76CF19EF50CE007976E5 /* face_s.png */; };
		04B2CA0D19F208AC00CF89D4 /* faceFrame.png in Resources */ = {isa = PBXBuildFile; fileRef = 04B2CA0C19F208AC00CF89D4 /* faceFrame.png */; };
		04B3B3E419F33C6D00AD2FA2 /* listBg.png in Resources */ = {isa = PBXBuildFile; fileRef = 04B3B3E319F33C6D00AD2FA2 /* listBg.png */; };
		04B3B3E719F342F200AD2FA2 /* listicon.png in Resources */ = {isa = PBXBuildFile; fileRef = 04B3B3E519F342F200AD2FA2 /* listicon.png */; };
		04B3B3E819F342F200AD2FA2 /* gridicon.png in Resources */ = {isa = PBXBuildFile; fileRef = 04B3B3E619F342F200AD2FA2 /* gridicon.png */; };
		04B3B3EB19F3449400AD2FA2 /* gridicon_s.png in Resources */ = {isa = PBXBuildFile; fileRef = 04B3B3E919F3449400AD2FA2 /* gridicon_s.png */; };
		04B3B3EC19F3449400AD2FA2 /* listicon_s.png in Resources */ = {isa = PBXBuildFile; fileRef = 04B3B3EA19F3449400AD2FA2 /* listicon_s.png */; };
		04CC98A519ED40F4002C4365 /* options1.png in Resources */ = {isa = PBXBuildFile; fileRef = 04CC98A419ED40F4002C4365 /* options1.png */; };
		04CC98AC19ED4643002C4365 /* share.png in Resources */ = {isa = PBXBuildFile; fileRef = 04CC98AB19ED4643002C4365 /* share.png */; };
		04CC98AE19ED4A33002C4365 /* filter.png in Resources */ = {isa = PBXBuildFile; fileRef = 04CC98AD19ED4A33002C4365 /* filter.png */; };
		04CC98B419ED4E8C002C4365 /* options3.png in Resources */ = {isa = PBXBuildFile; fileRef = 04CC98B319ED4E8C002C4365 /* options3.png */; };
		04D4620419ED7B82000D7FB7 /* face.png in Resources */ = {isa = PBXBuildFile; fileRef = 04D4620319ED7B82000D7FB7 /* face.png */; };
		04D4620619ED7C3F000D7FB7 /* options4.png in Resources */ = {isa = PBXBuildFile; fileRef = 04D4620519ED7C3F000D7FB7 /* options4.png */; };
		04D4620819ED8613000D7FB7 /* infoBg.png in Resources */ = {isa = PBXBuildFile; fileRef = 04D4620719ED8613000D7FB7 /* infoBg.png */; };
		04D4620A19ED9A97000D7FB7 /* info_s.png in Resources */ = {isa = PBXBuildFile; fileRef = 04D4620919ED9A97000D7FB7 /* info_s.png */; };
		04D4621119EDB204000D7FB7 /* Localizable.strings in Resources */ = {isa = PBXBuildFile; fileRef = 04D4621319EDB204000D7FB7 /* Localizable.strings */; };
		04D4622019EDC7E2000D7FB7 /* infoBg2.png in Resources */ = {isa = PBXBuildFile; fileRef = 04D4621F19EDC7E2000D7FB7 /* infoBg2.png */; };
/* End PBXBuildFile section */

/* Begin PBXContainerItemProxy section */
		04A6BF3719DB24550000FA32 /* PBXContainerItemProxy */ = {
			isa = PBXContainerItemProxy;
			containerPortal = 04A6BF0919DB24550000FA32 /* Project object */;
			proxyType = 1;
			remoteGlobalIDString = 04A6BF1019DB24550000FA32;
			remoteInfo = "PicsBook iOS";
		};
/* End PBXContainerItemProxy section */

/* Begin PBXFileReference section */
		04181B7F19EBEF69000A546B /* options2.png */ = {isa = PBXFileReference; lastKnownFileType = image.png; path = options2.png; sourceTree = "<group>"; };
		04A2EB2819EFF83100CCCFA6 /* arrow_fwd2.png */ = {isa = PBXFileReference; lastKnownFileType = image.png; path = arrow_fwd2.png; sourceTree = "<group>"; };
		04A2EB2A19F02C3000CCCFA6 /* YVHUtil.h */ = {isa = PBXFileReference; fileEncoding = 4; lastKnownFileType = sourcecode.c.h; path = YVHUtil.h; sourceTree = "<group>"; };
		04A2EB2B19F02C3000CCCFA6 /* YVHUtil.m */ = {isa = PBXFileReference; fileEncoding = 4; lastKnownFileType = sourcecode.c.objc; path = YVHUtil.m; sourceTree = "<group>"; };
		04A2EB2D19F042D500CCCFA6 /* YVHCoreDataVC.h */ = {isa = PBXFileReference; fileEncoding = 4; lastKnownFileType = sourcecode.c.h; path = YVHCoreDataVC.h; sourceTree = "<group>"; };
		04A2EB2E19F042D500CCCFA6 /* YVHCoreDataVC.m */ = {isa = PBXFileReference; fileEncoding = 4; lastKnownFileType = sourcecode.c.objc; path = YVHCoreDataVC.m; sourceTree = "<group>"; };
		04A5106419F1186800A58FED /* options5.png */ = {isa = PBXFileReference; lastKnownFileType = image.png; path = options5.png; sourceTree = "<group>"; };
		04A5106819F11D2000A58FED /* delete-256.png */ = {isa = PBXFileReference; lastKnownFileType = image.png; path = "delete-256.png"; sourceTree = "<group>"; };
		04A59CA319EEE46C00BA1896 /* FilterCell.h */ = {isa = PBXFileReference; fileEncoding = 4; lastKnownFileType = sourcecode.c.h; path = FilterCell.h; sourceTree = "<group>"; };
		04A59CA419EEE46C00BA1896 /* FilterCell.m */ = {isa = PBXFileReference; fileEncoding = 4; lastKnownFileType = sourcecode.c.objc; path = FilterCell.m; sourceTree = "<group>"; };
		04A59CA819EEECB200BA1896 /* FilterCell.xib */ = {isa = PBXFileReference; fileEncoding = 4; lastKnownFileType = file.xib; path = FilterCell.xib; sourceTree = "<group>"; };
		04A6BF1119DB24550000FA32 /* PicsBook iOS.app */ = {isa = PBXFileReference; explicitFileType = wrapper.application; includeInIndex = 0; path = "PicsBook iOS.app"; sourceTree = BUILT_PRODUCTS_DIR; };
		04A6BF1419DB24550000FA32 /* Foundation.framework */ = {isa = PBXFileReference; lastKnownFileType = wrapper.framework; name = Foundation.framework; path = System/Library/Frameworks/Foundation.framework; sourceTree = SDKROOT; };
		04A6BF1619DB24550000FA32 /* CoreGraphics.framework */ = {isa = PBXFileReference; lastKnownFileType = wrapper.framework; name = CoreGraphics.framework; path = System/Library/Frameworks/CoreGraphics.framework; sourceTree = SDKROOT; };
		04A6BF1819DB24550000FA32 /* UIKit.framework */ = {isa = PBXFileReference; lastKnownFileType = wrapper.framework; name = UIKit.framework; path = System/Library/Frameworks/UIKit.framework; sourceTree = SDKROOT; };
		04A6BF1C19DB24550000FA32 /* PicsBook iOS-Info.plist */ = {isa = PBXFileReference; lastKnownFileType = text.plist.xml; path = "PicsBook iOS-Info.plist"; sourceTree = "<group>"; };
		04A6BF1E19DB24550000FA32 /* en */ = {isa = PBXFileReference; lastKnownFileType = text.plist.strings; name = en; path = en.lproj/InfoPlist.strings; sourceTree = "<group>"; };
		04A6BF2019DB24550000FA32 /* main.m */ = {isa = PBXFileReference; lastKnownFileType = sourcecode.c.objc; path = main.m; sourceTree = "<group>"; };
		04A6BF2219DB24550000FA32 /* PicsBook iOS-Prefix.pch */ = {isa = PBXFileReference; lastKnownFileType = sourcecode.c.h; path = "PicsBook iOS-Prefix.pch"; sourceTree = "<group>"; };
		04A6BF2719DB24550000FA32 /* Base */ = {isa = PBXFileReference; lastKnownFileType = file.storyboard; name = Base; path = Base.lproj/Main.storyboard; sourceTree = "<group>"; };
		04A6BF2C19DB24550000FA32 /* Images.xcassets */ = {isa = PBXFileReference; lastKnownFileType = folder.assetcatalog; path = Images.xcassets; sourceTree = "<group>"; };
		04A6BF3219DB24550000FA32 /* PicsBook iOSTests.xctest */ = {isa = PBXFileReference; explicitFileType = wrapper.cfbundle; includeInIndex = 0; path = "PicsBook iOSTests.xctest"; sourceTree = BUILT_PRODUCTS_DIR; };
		04A6BF3319DB24550000FA32 /* XCTest.framework */ = {isa = PBXFileReference; lastKnownFileType = wrapper.framework; name = XCTest.framework; path = Library/Frameworks/XCTest.framework; sourceTree = DEVELOPER_DIR; };
		04A6BF3B19DB24550000FA32 /* PicsBook iOSTests-Info.plist */ = {isa = PBXFileReference; lastKnownFileType = text.plist.xml; path = "PicsBook iOSTests-Info.plist"; sourceTree = "<group>"; };
		04A6BF3D19DB24550000FA32 /* en */ = {isa = PBXFileReference; lastKnownFileType = text.plist.strings; name = en; path = en.lproj/InfoPlist.strings; sourceTree = "<group>"; };
		04A6BF3F19DB24550000FA32 /* PicsBook_iOSTests.m */ = {isa = PBXFileReference; lastKnownFileType = sourcecode.c.objc; path = PicsBook_iOSTests.m; sourceTree = "<group>"; };
		04A6BF4A19DB258F0000FA32 /* YVHCameraVC.h */ = {isa = PBXFileReference; fileEncoding = 4; lastKnownFileType = sourcecode.c.h; path = YVHCameraVC.h; sourceTree = "<group>"; };
		04A6BF4B19DB258F0000FA32 /* YVHCameraVC.m */ = {isa = PBXFileReference; fileEncoding = 4; lastKnownFileType = sourcecode.c.objc; path = YVHCameraVC.m; sourceTree = "<group>"; };
		04A6BF4D19DB26A80000FA32 /* YVHAppDelegate.h */ = {isa = PBXFileReference; lastKnownFileType = sourcecode.c.h; path = YVHAppDelegate.h; sourceTree = "<group>"; };
		04A6BF5D19DB2B550000FA32 /* YVHGalleryVC.h */ = {isa = PBXFileReference; fileEncoding = 4; lastKnownFileType = sourcecode.c.h; path = YVHGalleryVC.h; sourceTree = "<group>"; };
		04A6BF5E19DB2B550000FA32 /* YVHGalleryVC.m */ = {isa = PBXFileReference; fileEncoding = 4; lastKnownFileType = sourcecode.c.objc; path = YVHGalleryVC.m; sourceTree = "<group>"; };
		04A6BF6419DB2C8F0000FA32 /* Flickr.h */ = {isa = PBXFileReference; fileEncoding = 4; lastKnownFileType = sourcecode.c.h; name = Flickr.h; path = "../../../Picsbook3 SB/Picsbook3 SB/Flickr Interface/Flickr.h"; sourceTree = "<group>"; };
		04A6BF6519DB2C8F0000FA32 /* Flickr.m */ = {isa = PBXFileReference; fileEncoding = 4; lastKnownFileType = sourcecode.c.objc; name = Flickr.m; path = "../../../Picsbook3 SB/Picsbook3 SB/Flickr Interface/Flickr.m"; sourceTree = "<group>"; };
		04A6BF6619DB2C8F0000FA32 /* FlickrPhoto.h */ = {isa = PBXFileReference; fileEncoding = 4; lastKnownFileType = sourcecode.c.h; name = FlickrPhoto.h; path = "../../../Picsbook3 SB/Picsbook3 SB/Flickr Interface/FlickrPhoto.h"; sourceTree = "<group>"; };
		04A6BF6719DB2C8F0000FA32 /* FlickrPhoto.m */ = {isa = PBXFileReference; fileEncoding = 4; lastKnownFileType = sourcecode.c.objc; name = FlickrPhoto.m; path = "../../../Picsbook3 SB/Picsbook3 SB/Flickr Interface/FlickrPhoto.m"; sourceTree = "<group>"; };
		04A6BF6B19DB2D620000FA32 /* CVCell.h */ = {isa = PBXFileReference; fileEncoding = 4; lastKnownFileType = sourcecode.c.h; name = CVCell.h; path = "../../../Picsbook3 SB/Picsbook3 SB/CVCell.h"; sourceTree = "<group>"; };
		04A6BF6C19DB2D620000FA32 /* CVCell.m */ = {isa = PBXFileReference; fileEncoding = 4; lastKnownFileType = sourcecode.c.objc; name = CVCell.m; path = "../../../Picsbook3 SB/Picsbook3 SB/CVCell.m"; sourceTree = "<group>"; };
		04A6BF6D19DB2D620000FA32 /* CVCell.xib */ = {isa = PBXFileReference; fileEncoding = 4; lastKnownFileType = file.xib; name = CVCell.xib; path = "../../../Picsbook3 SB/Picsbook3 SB/CVCell.xib"; sourceTree = "<group>"; };
		04A6BF7019DB2DAD0000FA32 /* YVHPicVC.h */ = {isa = PBXFileReference; fileEncoding = 4; lastKnownFileType = sourcecode.c.h; name = YVHPicVC.h; path = "../../../Picsbook3 SB/Picsbook3 SB/YVHPicVC.h"; sourceTree = "<group>"; };
		04A6BF7119DB2DAD0000FA32 /* YVHPicVC.m */ = {isa = PBXFileReference; fileEncoding = 4; lastKnownFileType = sourcecode.c.objc; name = YVHPicVC.m; path = "../../../Picsbook3 SB/Picsbook3 SB/YVHPicVC.m"; sourceTree = "<group>"; };
		04A6BF7319DB37AE0000FA32 /* YVHAppDelegate.m */ = {isa = PBXFileReference; fileEncoding = 4; lastKnownFileType = sourcecode.c.objc; path = YVHAppDelegate.m; sourceTree = "<group>"; };
		04A6BF7B19DB3F320000FA32 /* _Face.h */ = {isa = PBXFileReference; fileEncoding = 4; lastKnownFileType = sourcecode.c.h; path = _Face.h; sourceTree = "<group>"; };
		04A6BF7C19DB3F320000FA32 /* _Face.m */ = {isa = PBXFileReference; fileEncoding = 4; lastKnownFileType = sourcecode.c.objc; path = _Face.m; sourceTree = "<group>"; };
		04A6BF7D19DB3F320000FA32 /* _Pic.h */ = {isa = PBXFileReference; fileEncoding = 4; lastKnownFileType = sourcecode.c.h; path = _Pic.h; sourceTree = "<group>"; };
		04A6BF7E19DB3F320000FA32 /* _Pic.m */ = {isa = PBXFileReference; fileEncoding = 4; lastKnownFileType = sourcecode.c.objc; path = _Pic.m; sourceTree = "<group>"; };
		04A6BF8719DB43D30000FA32 /* YVHCoreDataStack.h */ = {isa = PBXFileReference; fileEncoding = 4; lastKnownFileType = sourcecode.c.h; path = YVHCoreDataStack.h; sourceTree = "<group>"; };
		04A6BF8819DB43D30000FA32 /* YVHCoreDataStack.m */ = {isa = PBXFileReference; fileEncoding = 4; lastKnownFileType = sourcecode.c.objc; path = YVHCoreDataStack.m; sourceTree = "<group>"; };
		04A6BF8B19DB4C6E0000FA32 /* Model.xcdatamodel */ = {isa = PBXFileReference; lastKnownFileType = wrapper.xcdatamodel; path = Model.xcdatamodel; sourceTree = "<group>"; };
		04A6BF8E19DB6B0E0000FA32 /* TabBar.png */ = {isa = PBXFileReference; lastKnownFileType = image.png; path = TabBar.png; sourceTree = "<group>"; };
		04A6BF8F19DB6B0E0000FA32 /* WorldOn.png */ = {isa = PBXFileReference; lastKnownFileType = image.png; path = WorldOn.png; sourceTree = "<group>"; };
		04A6BF9019DB6B0E0000FA32 /* worldOff.png */ = {isa = PBXFileReference; lastKnownFileType = image.png; path = worldOff.png; sourceTree = "<group>"; };
		04A6BF9119DB6B0E0000FA32 /* Galery.png */ = {isa = PBXFileReference; lastKnownFileType = image.png; path = Galery.png; sourceTree = "<group>"; };
		04A6BF9219DB6B0E0000FA32 /* mapOn.png */ = {isa = PBXFileReference; lastKnownFileType = image.png; path = mapOn.png; sourceTree = "<group>"; };
		04A6BF9319DB6B0E0000FA32 /* mapOff.png */ = {isa = PBXFileReference; lastKnownFileType = image.png; path = mapOff.png; sourceTree = "<group>"; };
		04A6BF9419DB6B0E0000FA32 /* Galery_s.png */ = {isa = PBXFileReference; lastKnownFileType = image.png; path = Galery_s.png; sourceTree = "<group>"; };
		04A6BF9519DB6B0E0000FA32 /* menu.png */ = {isa = PBXFileReference; lastKnownFileType = image.png; path = menu.png; sourceTree = "<group>"; };
		04A6BF9619DB6B0E0000FA32 /* bg_cork.png */ = {isa = PBXFileReference; lastKnownFileType = image.png; path = bg_cork.png; sourceTree = "<group>"; };
		04A6BF9719DB6B0E0000FA32 /* bg_cork@2x.png */ = {isa = PBXFileReference; lastKnownFileType = image.png; path = "bg_cork@2x.png"; sourceTree = "<group>"; };
		04A6BF9819DB6B0E0000FA32 /* cameraOff.png */ = {isa = PBXFileReference; lastKnownFileType = image.png; path = cameraOff.png; sourceTree = "<group>"; };
		04A6BF9919DB6B0E0000FA32 /* pushpin.png */ = {isa = PBXFileReference; lastKnownFileType = image.png; path = pushpin.png; sourceTree = "<group>"; };
		04A6BF9A19DB6B0E0000FA32 /* pushpin@2x.png */ = {isa = PBXFileReference; lastKnownFileType = image.png; path = "pushpin@2x.png"; sourceTree = "<group>"; };
		04A6BFA819DB74F90000FA32 /* Pic.h */ = {isa = PBXFileReference; fileEncoding = 4; lastKnownFileType = sourcecode.c.h; path = Pic.h; sourceTree = "<group>"; };
		04A6BFA919DB74F90000FA32 /* Pic.m */ = {isa = PBXFileReference; fileEncoding = 4; lastKnownFileType = sourcecode.c.objc; path = Pic.m; sourceTree = "<group>"; };
		04A6BFAB19DB74FA0000FA32 /* Face.h */ = {isa = PBXFileReference; fileEncoding = 4; lastKnownFileType = sourcecode.c.h; path = Face.h; sourceTree = "<group>"; };
		04A6BFAC19DB74FA0000FA32 /* Face.m */ = {isa = PBXFileReference; fileEncoding = 4; lastKnownFileType = sourcecode.c.objc; path = Face.m; sourceTree = "<group>"; };
		04A72CEA19ED720D009C2775 /* info.png */ = {isa = PBXFileReference; lastKnownFileType = image.png; path = info.png; sourceTree = "<group>"; };
		04A7C53319E558D900DDF124 /* Foto2.jpg */ = {isa = PBXFileReference; lastKnownFileType = image.jpeg; path = Foto2.jpg; sourceTree = "<group>"; };
		04A7C53419E558D900DDF124 /* Foto1.jpg */ = {isa = PBXFileReference; lastKnownFileType = image.jpeg; path = Foto1.jpg; sourceTree = "<group>"; };
		04A7C53519E558D900DDF124 /* Foto3.jpg */ = {isa = PBXFileReference; lastKnownFileType = image.jpeg; path = Foto3.jpg; sourceTree = "<group>"; };
		04A7C53619E558D900DDF124 /* Foto4.jpg */ = {isa = PBXFileReference; lastKnownFileType = image.jpeg; path = Foto4.jpg; sourceTree = "<group>"; };
		04A8752F19E2B94400DC6923 /* YVHMapVC.h */ = {isa = PBXFileReference; fileEncoding = 4; lastKnownFileType = sourcecode.c.h; path = YVHMapVC.h; sourceTree = "<group>"; };
		04A8753019E2B94400DC6923 /* YVHMapVC.m */ = {isa = PBXFileReference; fileEncoding = 4; lastKnownFileType = sourcecode.c.objc; path = YVHMapVC.m; sourceTree = "<group>"; };
		04A8753219E2B95300DC6923 /* YVH MapViewAnnotation.h */ = {isa = PBXFileReference; fileEncoding = 4; lastKnownFileType = sourcecode.c.h; path = "YVH MapViewAnnotation.h"; sourceTree = "<group>"; };
		04A8753319E2B95300DC6923 /* YVH MapViewAnnotation.m */ = {isa = PBXFileReference; fileEncoding = 4; lastKnownFileType = sourcecode.c.objc; path = "YVH MapViewAnnotation.m"; sourceTree = "<group>"; };
		04A8753519E2B99700DC6923 /* Locations.plist */ = {isa = PBXFileReference; fileEncoding = 4; lastKnownFileType = text.plist.xml; path = Locations.plist; sourceTree = "<group>"; };
		04A8D95719E4042B00347349 /* YVHMainVC.h */ = {isa = PBXFileReference; fileEncoding = 4; lastKnownFileType = sourcecode.c.h; path = YVHMainVC.h; sourceTree = "<group>"; };
		04A8D95819E4042B00347349 /* YVHMainVC.m */ = {isa = PBXFileReference; fileEncoding = 4; lastKnownFileType = sourcecode.c.objc; path = YVHMainVC.m; sourceTree = "<group>"; };
		04A8D95A19E4494100347349 /* RXCustomTabBar.h */ = {isa = PBXFileReference; fileEncoding = 4; lastKnownFileType = sourcecode.c.h; path = RXCustomTabBar.h; sourceTree = "<group>"; };
		04A8D95B19E4494100347349 /* RXCustomTabBar.m */ = {isa = PBXFileReference; fileEncoding = 4; lastKnownFileType = sourcecode.c.objc; path = RXCustomTabBar.m; sourceTree = "<group>"; };
		04A8D95D19E4616400347349 /* HeaderBar.png */ = {isa = PBXFileReference; lastKnownFileType = image.png; path = HeaderBar.png; sourceTree = "<group>"; };
		04A8D95F19E47D4F00347349 /* arrow_fwd.png */ = {isa = PBXFileReference; lastKnownFileType = image.png; path = arrow_fwd.png; sourceTree = "<group>"; };
		04A8D96519E4CEAB00347349 /* YVHDAO.h */ = {isa = PBXFileReference; fileEncoding = 4; lastKnownFileType = sourcecode.c.h; path = YVHDAO.h; sourceTree = "<group>"; };
		04A8D96619E4CEAB00347349 /* YVHDAO.m */ = {isa = PBXFileReference; fileEncoding = 4; lastKnownFileType = sourcecode.c.objc; path = YVHDAO.m; sourceTree = "<group>"; };
		04AE76CE19EF50CD007976E5 /* filter_s.png */ = {isa = PBXFileReference; lastKnownFileType = image.png; path = filter_s.png; sourceTree = "<group>"; };
		04AE76CF19EF50CE007976E5 /* face_s.png */ = {isa = PBXFileReference; lastKnownFileType = image.png; path = face_s.png; sourceTree = "<group>"; };
		04B2CA0C19F208AC00CF89D4 /* faceFrame.png */ = {isa = PBXFileReference; lastKnownFileType = image.png; path = faceFrame.png; sourceTree = "<group>"; };
		04B3B3E319F33C6D00AD2FA2 /* listBg.png */ = {isa = PBXFileReference; lastKnownFileType = image.png; path = listBg.png; sourceTree = "<group>"; };
		04B3B3E519F342F200AD2FA2 /* listicon.png */ = {isa = PBXFileReference; lastKnownFileType = image.png; path = listicon.png; sourceTree = "<group>"; };
		04B3B3E619F342F200AD2FA2 /* gridicon.png */ = {isa = PBXFileReference; lastKnownFileType = image.png; path = gridicon.png; sourceTree = "<group>"; };
		04B3B3E919F3449400AD2FA2 /* gridicon_s.png */ = {isa = PBXFileReference; lastKnownFileType = image.png; path = gridicon_s.png; sourceTree = "<group>"; };
		04B3B3EA19F3449400AD2FA2 /* listicon_s.png */ = {isa = PBXFileReference; lastKnownFileType = image.png; path = listicon_s.png; sourceTree = "<group>"; };
		04CC98A419ED40F4002C4365 /* options1.png */ = {isa = PBXFileReference; lastKnownFileType = image.png; path = options1.png; sourceTree = "<group>"; };
		04CC98AB19ED4643002C4365 /* share.png */ = {isa = PBXFileReference; lastKnownFileType = image.png; path = share.png; sourceTree = "<group>"; };
		04CC98AD19ED4A33002C4365 /* filter.png */ = {isa = PBXFileReference; lastKnownFileType = image.png; path = filter.png; sourceTree = "<group>"; };
		04CC98B319ED4E8C002C4365 /* options3.png */ = {isa = PBXFileReference; lastKnownFileType = image.png; path = options3.png; sourceTree = "<group>"; };
		04D4620319ED7B82000D7FB7 /* face.png */ = {isa = PBXFileReference; lastKnownFileType = image.png; path = face.png; sourceTree = "<group>"; };
		04D4620519ED7C3F000D7FB7 /* options4.png */ = {isa = PBXFileReference; lastKnownFileType = image.png; path = options4.png; sourceTree = "<group>"; };
		04D4620719ED8613000D7FB7 /* infoBg.png */ = {isa = PBXFileReference; lastKnownFileType = image.png; path = infoBg.png; sourceTree = "<group>"; };
		04D4620919ED9A97000D7FB7 /* info_s.png */ = {isa = PBXFileReference; lastKnownFileType = image.png; path = info_s.png; sourceTree = "<group>"; };
		04D4620E19EDB156000D7FB7 /* es */ = {isa = PBXFileReference; lastKnownFileType = text.plist.strings; name = es; path = es.lproj/Main.strings; sourceTree = "<group>"; };
		04D4620F19EDB156000D7FB7 /* es */ = {isa = PBXFileReference; lastKnownFileType = text.plist.strings; name = es; path = es.lproj/InfoPlist.strings; sourceTree = "<group>"; };
		04D4621019EDB156000D7FB7 /* es */ = {isa = PBXFileReference; lastKnownFileType = text.plist.strings; name = es; path = es.lproj/InfoPlist.strings; sourceTree = "<group>"; };
		04D4621219EDB204000D7FB7 /* en */ = {isa = PBXFileReference; lastKnownFileType = text.plist.strings; name = en; path = en.lproj/Localizable.strings; sourceTree = "<group>"; };
		04D4621419EDB229000D7FB7 /* es */ = {isa = PBXFileReference; lastKnownFileType = text.plist.strings; name = es; path = es.lproj/Localizable.strings; sourceTree = "<group>"; };
		04D4621F19EDC7E2000D7FB7 /* infoBg2.png */ = {isa = PBXFileReference; lastKnownFileType = image.png; path = infoBg2.png; sourceTree = "<group>"; };
/* End PBXFileReference section */

/* Begin PBXFrameworksBuildPhase section */
		04A6BF0E19DB24550000FA32 /* Frameworks */ = {
			isa = PBXFrameworksBuildPhase;
			buildActionMask = 2147483647;
			files = (
				04A6BF1719DB24550000FA32 /* CoreGraphics.framework in Frameworks */,
				04A6BF1919DB24550000FA32 /* UIKit.framework in Frameworks */,
				04A6BF1519DB24550000FA32 /* Foundation.framework in Frameworks */,
			);
			runOnlyForDeploymentPostprocessing = 0;
		};
		04A6BF2F19DB24550000FA32 /* Frameworks */ = {
			isa = PBXFrameworksBuildPhase;
			buildActionMask = 2147483647;
			files = (
				04A6BF3419DB24550000FA32 /* XCTest.framework in Frameworks */,
				04A6BF3619DB24550000FA32 /* UIKit.framework in Frameworks */,
				04A6BF3519DB24550000FA32 /* Foundation.framework in Frameworks */,
			);
			runOnlyForDeploymentPostprocessing = 0;
		};
/* End PBXFrameworksBuildPhase section */

/* Begin PBXGroup section */
		04A6BF0819DB24550000FA32 = {
			isa = PBXGroup;
			children = (
				04A6BF1A19DB24550000FA32 /* PicsBook iOS */,
				04A6BF3919DB24550000FA32 /* PicsBook iOSTests */,
				04A6BF1319DB24550000FA32 /* Frameworks */,
				04A6BF1219DB24550000FA32 /* Products */,
			);
			sourceTree = "<group>";
		};
		04A6BF1219DB24550000FA32 /* Products */ = {
			isa = PBXGroup;
			children = (
				04A6BF1119DB24550000FA32 /* PicsBook iOS.app */,
				04A6BF3219DB24550000FA32 /* PicsBook iOSTests.xctest */,
			);
			name = Products;
			sourceTree = "<group>";
		};
		04A6BF1319DB24550000FA32 /* Frameworks */ = {
			isa = PBXGroup;
			children = (
				04A6BF1419DB24550000FA32 /* Foundation.framework */,
				04A6BF1619DB24550000FA32 /* CoreGraphics.framework */,
				04A6BF1819DB24550000FA32 /* UIKit.framework */,
				04A6BF3319DB24550000FA32 /* XCTest.framework */,
			);
			name = Frameworks;
			sourceTree = "<group>";
		};
		04A6BF1A19DB24550000FA32 /* PicsBook iOS */ = {
			isa = PBXGroup;
			children = (
				04A6BF8D19DB6AF10000FA32 /* Res */,
				04A6BF6019DB2C430000FA32 /* Util */,
				04A6BF4E19DB275F0000FA32 /* Model */,
				04A6BF6A19DB2D4D0000FA32 /* View */,
				04A6BF4919DB25410000FA32 /* Controllers */,
				04A8753519E2B99700DC6923 /* Locations.plist */,
				04A6BF4D19DB26A80000FA32 /* YVHAppDelegate.h */,
				04A6BF7319DB37AE0000FA32 /* YVHAppDelegate.m */,
				04A6BF2619DB24550000FA32 /* Main.storyboard */,
				04A6BF2C19DB24550000FA32 /* Images.xcassets */,
				04A6BF1B19DB24550000FA32 /* Supporting Files */,
			);
			path = "PicsBook iOS";
			sourceTree = "<group>";
		};
		04A6BF1B19DB24550000FA32 /* Supporting Files */ = {
			isa = PBXGroup;
			children = (
				04A6BF1C19DB24550000FA32 /* PicsBook iOS-Info.plist */,
				04A6BF1D19DB24550000FA32 /* InfoPlist.strings */,
				04A6BF2019DB24550000FA32 /* main.m */,
				04A6BF2219DB24550000FA32 /* PicsBook iOS-Prefix.pch */,
				04D4621319EDB204000D7FB7 /* Localizable.strings */,
			);
			name = "Supporting Files";
			sourceTree = "<group>";
		};
		04A6BF3919DB24550000FA32 /* PicsBook iOSTests */ = {
			isa = PBXGroup;
			children = (
				04A6BF3F19DB24550000FA32 /* PicsBook_iOSTests.m */,
				04A6BF3A19DB24550000FA32 /* Supporting Files */,
			);
			path = "PicsBook iOSTests";
			sourceTree = "<group>";
		};
		04A6BF3A19DB24550000FA32 /* Supporting Files */ = {
			isa = PBXGroup;
			children = (
				04A6BF3B19DB24550000FA32 /* PicsBook iOSTests-Info.plist */,
				04A6BF3C19DB24550000FA32 /* InfoPlist.strings */,
			);
			name = "Supporting Files";
			sourceTree = "<group>";
		};
		04A6BF4919DB25410000FA32 /* Controllers */ = {
			isa = PBXGroup;
			children = (
				04A6BF7019DB2DAD0000FA32 /* YVHPicVC.h */,
				04A6BF7119DB2DAD0000FA32 /* YVHPicVC.m */,
				04A8752F19E2B94400DC6923 /* YVHMapVC.h */,
				04A8753019E2B94400DC6923 /* YVHMapVC.m */,
				04A6BF4A19DB258F0000FA32 /* YVHCameraVC.h */,
				04A6BF4B19DB258F0000FA32 /* YVHCameraVC.m */,
				04A6BF5D19DB2B550000FA32 /* YVHGalleryVC.h */,
				04A6BF5E19DB2B550000FA32 /* YVHGalleryVC.m */,
				04A8D95719E4042B00347349 /* YVHMainVC.h */,
				04A8D95819E4042B00347349 /* YVHMainVC.m */,
			);
			name = Controllers;
			sourceTree = "<group>";
		};
		04A6BF4E19DB275F0000FA32 /* Model */ = {
			isa = PBXGroup;
			children = (
				04A6BF8A19DB4C6E0000FA32 /* Model.xcdatamodeld */,
				04A6BFAB19DB74FA0000FA32 /* Face.h */,
				04A6BFAC19DB74FA0000FA32 /* Face.m */,
				04A6BFA819DB74F90000FA32 /* Pic.h */,
				04A6BFA919DB74F90000FA32 /* Pic.m */,
				04A6BF7B19DB3F320000FA32 /* _Face.h */,
				04A6BF7C19DB3F320000FA32 /* _Face.m */,
				04A6BF7D19DB3F320000FA32 /* _Pic.h */,
				04A6BF7E19DB3F320000FA32 /* _Pic.m */,
			);
			name = Model;
			sourceTree = "<group>";
		};
		04A6BF6019DB2C430000FA32 /* Util */ = {
			isa = PBXGroup;
			children = (
				04A8D95A19E4494100347349 /* RXCustomTabBar.h */,
				04A8D95B19E4494100347349 /* RXCustomTabBar.m */,
				04A6BF6419DB2C8F0000FA32 /* Flickr.h */,
				04A6BF6519DB2C8F0000FA32 /* Flickr.m */,
				04A6BF6619DB2C8F0000FA32 /* FlickrPhoto.h */,
				04A6BF6719DB2C8F0000FA32 /* FlickrPhoto.m */,
				04A6BF8719DB43D30000FA32 /* YVHCoreDataStack.h */,
				04A6BF8819DB43D30000FA32 /* YVHCoreDataStack.m */,
				04A2EB2D19F042D500CCCFA6 /* YVHCoreDataVC.h */,
				04A2EB2E19F042D500CCCFA6 /* YVHCoreDataVC.m */,
				04A8D96519E4CEAB00347349 /* YVHDAO.h */,
				04A8D96619E4CEAB00347349 /* YVHDAO.m */,
				04A2EB2A19F02C3000CCCFA6 /* YVHUtil.h */,
				04A2EB2B19F02C3000CCCFA6 /* YVHUtil.m */,
			);
			name = Util;
			sourceTree = "<group>";
		};
		04A6BF6A19DB2D4D0000FA32 /* View */ = {
			isa = PBXGroup;
			children = (
				04A6BF6B19DB2D620000FA32 /* CVCell.h */,
				04A6BF6C19DB2D620000FA32 /* CVCell.m */,
				04A6BF6D19DB2D620000FA32 /* CVCell.xib */,
				04A8753219E2B95300DC6923 /* YVH MapViewAnnotation.h */,
				04A8753319E2B95300DC6923 /* YVH MapViewAnnotation.m */,
				04A59CA319EEE46C00BA1896 /* FilterCell.h */,
				04A59CA419EEE46C00BA1896 /* FilterCell.m */,
				04A59CA819EEECB200BA1896 /* FilterCell.xib */,
			);
			name = View;
			sourceTree = "<group>";
		};
		04A6BF8D19DB6AF10000FA32 /* Res */ = {
			isa = PBXGroup;
			children = (
				04D4620719ED8613000D7FB7 /* infoBg.png */,
				04D4621F19EDC7E2000D7FB7 /* infoBg2.png */,
				04B3B3E319F33C6D00AD2FA2 /* listBg.png */,
				04CC98A619ED4156002C4365 /* Options */,
				04A7C53219E558C100DDF124 /* Initial Pics */,
				04A7C53B19E55B2300DDF124 /* Tabbar */,
				04A8D95F19E47D4F00347349 /* arrow_fwd.png */,
				04A2EB2819EFF83100CCCFA6 /* arrow_fwd2.png */,
				04A8D95D19E4616400347349 /* HeaderBar.png */,
				04A6BF9619DB6B0E0000FA32 /* bg_cork.png */,
				04A6BF9719DB6B0E0000FA32 /* bg_cork@2x.png */,
				04A6BF9919DB6B0E0000FA32 /* pushpin.png */,
				04A6BF9A19DB6B0E0000FA32 /* pushpin@2x.png */,
				04B2CA0C19F208AC00CF89D4 /* faceFrame.png */,
			);
			name = Res;
			sourceTree = "<group>";
		};
		04A7C53219E558C100DDF124 /* Initial Pics */ = {
			isa = PBXGroup;
			children = (
				04A7C53419E558D900DDF124 /* Foto1.jpg */,
				04A7C53319E558D900DDF124 /* Foto2.jpg */,
				04A7C53519E558D900DDF124 /* Foto3.jpg */,
				04A7C53619E558D900DDF124 /* Foto4.jpg */,
			);
			name = "Initial Pics";
			sourceTree = "<group>";
		};
		04A7C53B19E55B2300DDF124 /* Tabbar */ = {
			isa = PBXGroup;
			children = (
				04A6BF9819DB6B0E0000FA32 /* cameraOff.png */,
				04A6BF9519DB6B0E0000FA32 /* menu.png */,
				04A6BF8E19DB6B0E0000FA32 /* TabBar.png */,
				04A6BF8F19DB6B0E0000FA32 /* WorldOn.png */,
				04A6BF9019DB6B0E0000FA32 /* worldOff.png */,
				04A6BF9119DB6B0E0000FA32 /* Galery.png */,
				04A6BF9219DB6B0E0000FA32 /* mapOn.png */,
				04A6BF9319DB6B0E0000FA32 /* mapOff.png */,
				04A6BF9419DB6B0E0000FA32 /* Galery_s.png */,
			);
			name = Tabbar;
			sourceTree = "<group>";
		};
		04CC98A619ED4156002C4365 /* Options */ = {
			isa = PBXGroup;
			children = (
				04A72CEA19ED720D009C2775 /* info.png */,
				04D4620919ED9A97000D7FB7 /* info_s.png */,
				04CC98AB19ED4643002C4365 /* share.png */,
				04D4620319ED7B82000D7FB7 /* face.png */,
				04CC98AD19ED4A33002C4365 /* filter.png */,
				04AE76CE19EF50CD007976E5 /* filter_s.png */,
				04AE76CF19EF50CE007976E5 /* face_s.png */,
				04A5106819F11D2000A58FED /* delete-256.png */,
				04B3B3E519F342F200AD2FA2 /* listicon.png */,
				04B3B3E619F342F200AD2FA2 /* gridicon.png */,
				04B3B3E919F3449400AD2FA2 /* gridicon_s.png */,
				04B3B3EA19F3449400AD2FA2 /* listicon_s.png */,
				04CC98A419ED40F4002C4365 /* options1.png */,
				04181B7F19EBEF69000A546B /* options2.png */,
				04CC98B319ED4E8C002C4365 /* options3.png */,
				04D4620519ED7C3F000D7FB7 /* options4.png */,
				04A5106419F1186800A58FED /* options5.png */,
			);
			name = Options;
			sourceTree = "<group>";
		};
/* End PBXGroup section */

/* Begin PBXNativeTarget section */
		04A6BF1019DB24550000FA32 /* PicsBook iOS */ = {
			isa = PBXNativeTarget;
			buildConfigurationList = 04A6BF4319DB24550000FA32 /* Build configuration list for PBXNativeTarget "PicsBook iOS" */;
			buildPhases = (
				04A6BF0D19DB24550000FA32 /* Sources */,
				04A6BF0E19DB24550000FA32 /* Frameworks */,
				04A6BF0F19DB24550000FA32 /* Resources */,
			);
			buildRules = (
			);
			dependencies = (
			);
			name = "PicsBook iOS";
			productName = "PicsBook iOS";
			productReference = 04A6BF1119DB24550000FA32 /* PicsBook iOS.app */;
			productType = "com.apple.product-type.application";
		};
		04A6BF3119DB24550000FA32 /* PicsBook iOSTests */ = {
			isa = PBXNativeTarget;
			buildConfigurationList = 04A6BF4619DB24550000FA32 /* Build configuration list for PBXNativeTarget "PicsBook iOSTests" */;
			buildPhases = (
				04A6BF2E19DB24550000FA32 /* Sources */,
				04A6BF2F19DB24550000FA32 /* Frameworks */,
				04A6BF3019DB24550000FA32 /* Resources */,
			);
			buildRules = (
			);
			dependencies = (
				04A6BF3819DB24550000FA32 /* PBXTargetDependency */,
			);
			name = "PicsBook iOSTests";
			productName = "PicsBook iOSTests";
			productReference = 04A6BF3219DB24550000FA32 /* PicsBook iOSTests.xctest */;
			productType = "com.apple.product-type.bundle.unit-test";
		};
/* End PBXNativeTarget section */

/* Begin PBXProject section */
		04A6BF0919DB24550000FA32 /* Project object */ = {
			isa = PBXProject;
			attributes = {
				CLASSPREFIX = YVH;
				LastUpgradeCheck = 0510;
				ORGANIZATIONNAME = "Yvon Valdepeñas";
				TargetAttributes = {
					04A6BF3119DB24550000FA32 = {
						TestTargetID = 04A6BF1019DB24550000FA32;
					};
				};
			};
			buildConfigurationList = 04A6BF0C19DB24550000FA32 /* Build configuration list for PBXProject "PicsBook iOS" */;
			compatibilityVersion = "Xcode 3.2";
			developmentRegion = English;
			hasScannedForEncodings = 0;
			knownRegions = (
				en,
				Base,
				es,
			);
			mainGroup = 04A6BF0819DB24550000FA32;
			productRefGroup = 04A6BF1219DB24550000FA32 /* Products */;
			projectDirPath = "";
			projectRoot = "";
			targets = (
				04A6BF1019DB24550000FA32 /* PicsBook iOS */,
				04A6BF3119DB24550000FA32 /* PicsBook iOSTests */,
			);
		};
/* End PBXProject section */

/* Begin PBXResourcesBuildPhase section */
		04A6BF0F19DB24550000FA32 /* Resources */ = {
			isa = PBXResourcesBuildPhase;
			buildActionMask = 2147483647;
			files = (
				04A6BF9F19DB6B0E0000FA32 /* mapOn.png in Resources */,
				04181B8219EBEF69000A546B /* options2.png in Resources */,
				04A59CA919EEECB200BA1896 /* FilterCell.xib in Resources */,
				04A6BF6F19DB2D620000FA32 /* CVCell.xib in Resources */,
				04D4620819ED8613000D7FB7 /* infoBg.png in Resources */,
				04A6BFA519DB6B0E0000FA32 /* cameraOff.png in Resources */,
				04A2EB2919EFF83100CCCFA6 /* arrow_fwd2.png in Resources */,
				04A6BF9E19DB6B0E0000FA32 /* Galery.png in Resources */,
				04A5106919F11D2000A58FED /* delete-256.png in Resources */,
				04A7C53A19E558D900DDF124 /* Foto4.jpg in Resources */,
				04B3B3E419F33C6D00AD2FA2 /* listBg.png in Resources */,
				04A6BF2D19DB24550000FA32 /* Images.xcassets in Resources */,
				04CC98AC19ED4643002C4365 /* share.png in Resources */,
				04D4622019EDC7E2000D7FB7 /* infoBg2.png in Resources */,
				04B3B3E819F342F200AD2FA2 /* gridicon.png in Resources */,
				04CC98AE19ED4A33002C4365 /* filter.png in Resources */,
				04D4621119EDB204000D7FB7 /* Localizable.strings in Resources */,
				04A7C53919E558D900DDF124 /* Foto3.jpg in Resources */,
				04A5106519F1186800A58FED /* options5.png in Resources */,
				04D4620419ED7B82000D7FB7 /* face.png in Resources */,
				04A6BFA619DB6B0E0000FA32 /* pushpin.png in Resources */,
				04A6BFA419DB6B0E0000FA32 /* bg_cork@2x.png in Resources */,
				04A6BF9D19DB6B0E0000FA32 /* worldOff.png in Resources */,
				04A6BF1F19DB24550000FA32 /* InfoPlist.strings in Resources */,
				04B3B3EC19F3449400AD2FA2 /* listicon_s.png in Resources */,
				04B3B3EB19F3449400AD2FA2 /* gridicon_s.png in Resources */,
				04A7C53819E558D900DDF124 /* Foto1.jpg in Resources */,
				04A72CEB19ED720D009C2775 /* info.png in Resources */,
				04B2CA0D19F208AC00CF89D4 /* faceFrame.png in Resources */,
				04A8753619E2B99700DC6923 /* Locations.plist in Resources */,
				04A6BFA019DB6B0E0000FA32 /* mapOff.png in Resources */,
				04AE76D119EF50CE007976E5 /* face_s.png in Resources */,
				04A6BF9C19DB6B0E0000FA32 /* WorldOn.png in Resources */,
				04CC98B419ED4E8C002C4365 /* options3.png in Resources */,
				04CC98A519ED40F4002C4365 /* options1.png in Resources */,
				04D4620A19ED9A97000D7FB7 /* info_s.png in Resources */,
				04A6BFA219DB6B0E0000FA32 /* menu.png in Resources */,
				04A6BFA319DB6B0E0000FA32 /* bg_cork.png in Resources */,
				04A6BFA119DB6B0E0000FA32 /* Galery_s.png in Resources */,
				04B3B3E719F342F200AD2FA2 /* listicon.png in Resources */,
				04A6BF9B19DB6B0E0000FA32 /* TabBar.png in Resources */,
				04A7C53719E558D900DDF124 /* Foto2.jpg in Resources */,
				04A6BF2819DB24550000FA32 /* Main.storyboard in Resources */,
				04AE76D019EF50CE007976E5 /* filter_s.png in Resources */,
				04A6BFA719DB6B0E0000FA32 /* pushpin@2x.png in Resources */,
				04A8D95E19E4616400347349 /* HeaderBar.png in Resources */,
				04A8D96019E47D4F00347349 /* arrow_fwd.png in Resources */,
				04D4620619ED7C3F000D7FB7 /* options4.png in Resources */,
			);
			runOnlyForDeploymentPostprocessing = 0;
		};
		04A6BF3019DB24550000FA32 /* Resources */ = {
			isa = PBXResourcesBuildPhase;
			buildActionMask = 2147483647;
			files = (
				04A6BF3E19DB24550000FA32 /* InfoPlist.strings in Resources */,
			);
			runOnlyForDeploymentPostprocessing = 0;
		};
/* End PBXResourcesBuildPhase section */

/* Begin PBXSourcesBuildPhase section */
		04A6BF0D19DB24550000FA32 /* Sources */ = {
			isa = PBXSourcesBuildPhase;
			buildActionMask = 2147483647;
			files = (
				04A8D96719E4CEAB00347349 /* YVHDAO.m in Sources */,
				04A59CA519EEE46C00BA1896 /* FilterCell.m in Sources */,
				04A6BFAD19DB74FA0000FA32 /* Face.m in Sources */,
				04A6BF8419DB3F320000FA32 /* _Pic.m in Sources */,
				04A6BF8319DB3F320000FA32 /* _Face.m in Sources */,
				04A8D95919E4042B00347349 /* YVHMainVC.m in Sources */,
				04A6BF6E19DB2D620000FA32 /* CVCell.m in Sources */,
				04A8D95C19E4494100347349 /* RXCustomTabBar.m in Sources */,
				04A6BF5F19DB2B550000FA32 /* YVHGalleryVC.m in Sources */,
				04A2EB2F19F042D500CCCFA6 /* YVHCoreDataVC.m in Sources */,
				04A6BF4C19DB258F0000FA32 /* YVHCameraVC.m in Sources */,
				04A6BF7219DB2DAD0000FA32 /* YVHPicVC.m in Sources */,
				04A6BF6919DB2C8F0000FA32 /* FlickrPhoto.m in Sources */,
				04A6BF6819DB2C8F0000FA32 /* Flickr.m in Sources */,
				04A8753419E2B95300DC6923 /* YVH MapViewAnnotation.m in Sources */,
				04A6BF8C19DB4C6E0000FA32 /* Model.xcdatamodeld in Sources */,
				04A8753119E2B94400DC6923 /* YVHMapVC.m in Sources */,
				04A6BF7419DB37AE0000FA32 /* YVHAppDelegate.m in Sources */,
				04A2EB2C19F02C3000CCCFA6 /* YVHUtil.m in Sources */,
				04A6BFAA19DB74F90000FA32 /* Pic.m in Sources */,
				04A6BF8919DB43D30000FA32 /* YVHCoreDataStack.m in Sources */,
				04A6BF2119DB24550000FA32 /* main.m in Sources */,
			);
			runOnlyForDeploymentPostprocessing = 0;
		};
		04A6BF2E19DB24550000FA32 /* Sources */ = {
			isa = PBXSourcesBuildPhase;
			buildActionMask = 2147483647;
			files = (
				04A6BF4019DB24550000FA32 /* PicsBook_iOSTests.m in Sources */,
			);
			runOnlyForDeploymentPostprocessing = 0;
		};
/* End PBXSourcesBuildPhase section */

/* Begin PBXTargetDependency section */
		04A6BF3819DB24550000FA32 /* PBXTargetDependency */ = {
			isa = PBXTargetDependency;
			target = 04A6BF1019DB24550000FA32 /* PicsBook iOS */;
			targetProxy = 04A6BF3719DB24550000FA32 /* PBXContainerItemProxy */;
		};
/* End PBXTargetDependency section */

/* Begin PBXVariantGroup section */
		04A6BF1D19DB24550000FA32 /* InfoPlist.strings */ = {
			isa = PBXVariantGroup;
			children = (
				04A6BF1E19DB24550000FA32 /* en */,
				04D4620F19EDB156000D7FB7 /* es */,
			);
			name = InfoPlist.strings;
			sourceTree = "<group>";
		};
		04A6BF2619DB24550000FA32 /* Main.storyboard */ = {
			isa = PBXVariantGroup;
			children = (
				04A6BF2719DB24550000FA32 /* Base */,
				04D4620E19EDB156000D7FB7 /* es */,
			);
			name = Main.storyboard;
			sourceTree = "<group>";
		};
		04A6BF3C19DB24550000FA32 /* InfoPlist.strings */ = {
			isa = PBXVariantGroup;
			children = (
				04A6BF3D19DB24550000FA32 /* en */,
				04D4621019EDB156000D7FB7 /* es */,
			);
			name = InfoPlist.strings;
			sourceTree = "<group>";
		};
		04D4621319EDB204000D7FB7 /* Localizable.strings */ = {
			isa = PBXVariantGroup;
			children = (
				04D4621219EDB204000D7FB7 /* en */,
				04D4621419EDB229000D7FB7 /* es */,
			);
			name = Localizable.strings;
			sourceTree = "<group>";
		};
/* End PBXVariantGroup section */

/* Begin XCBuildConfiguration section */
		04A6BF4119DB24550000FA32 /* Debug */ = {
			isa = XCBuildConfiguration;
			buildSettings = {
				ALWAYS_SEARCH_USER_PATHS = NO;
				CLANG_CXX_LANGUAGE_STANDARD = "gnu++0x";
				CLANG_CXX_LIBRARY = "libc++";
				CLANG_ENABLE_MODULES = YES;
				CLANG_ENABLE_OBJC_ARC = YES;
				CLANG_WARN_BOOL_CONVERSION = YES;
				CLANG_WARN_CONSTANT_CONVERSION = YES;
				CLANG_WARN_DIRECT_OBJC_ISA_USAGE = YES_ERROR;
				CLANG_WARN_EMPTY_BODY = YES;
				CLANG_WARN_ENUM_CONVERSION = YES;
				CLANG_WARN_INT_CONVERSION = YES;
				CLANG_WARN_OBJC_ROOT_CLASS = YES_ERROR;
				CLANG_WARN__DUPLICATE_METHOD_MATCH = YES;
				"CODE_SIGN_IDENTITY[sdk=iphoneos*]" = "iPhone Developer";
				COPY_PHASE_STRIP = NO;
				GCC_C_LANGUAGE_STANDARD = gnu99;
				GCC_DYNAMIC_NO_PIC = NO;
				GCC_OPTIMIZATION_LEVEL = 0;
				GCC_PREPROCESSOR_DEFINITIONS = (
					"DEBUG=0",
					"$(inherited)",
				);
				GCC_SYMBOLS_PRIVATE_EXTERN = NO;
				GCC_WARN_64_TO_32_BIT_CONVERSION = YES;
				GCC_WARN_ABOUT_RETURN_TYPE = YES_ERROR;
				GCC_WARN_UNDECLARED_SELECTOR = YES;
				GCC_WARN_UNINITIALIZED_AUTOS = YES_AGGRESSIVE;
				GCC_WARN_UNUSED_FUNCTION = YES;
				GCC_WARN_UNUSED_VARIABLE = YES;
				IPHONEOS_DEPLOYMENT_TARGET = 7.1;
				ONLY_ACTIVE_ARCH = YES;
				SDKROOT = iphoneos;
				TARGETED_DEVICE_FAMILY = 2;
			};
			name = Debug;
		};
		04A6BF4219DB24550000FA32 /* Release */ = {
			isa = XCBuildConfiguration;
			buildSettings = {
				ALWAYS_SEARCH_USER_PATHS = NO;
				CLANG_CXX_LANGUAGE_STANDARD = "gnu++0x";
				CLANG_CXX_LIBRARY = "libc++";
				CLANG_ENABLE_MODULES = YES;
				CLANG_ENABLE_OBJC_ARC = YES;
				CLANG_WARN_BOOL_CONVERSION = YES;
				CLANG_WARN_CONSTANT_CONVERSION = YES;
				CLANG_WARN_DIRECT_OBJC_ISA_USAGE = YES_ERROR;
				CLANG_WARN_EMPTY_BODY = YES;
				CLANG_WARN_ENUM_CONVERSION = YES;
				CLANG_WARN_INT_CONVERSION = YES;
				CLANG_WARN_OBJC_ROOT_CLASS = YES_ERROR;
				CLANG_WARN__DUPLICATE_METHOD_MATCH = YES;
				"CODE_SIGN_IDENTITY[sdk=iphoneos*]" = "iPhone Developer";
				COPY_PHASE_STRIP = YES;
				ENABLE_NS_ASSERTIONS = NO;
				GCC_C_LANGUAGE_STANDARD = gnu99;
				GCC_WARN_64_TO_32_BIT_CONVERSION = YES;
				GCC_WARN_ABOUT_RETURN_TYPE = YES_ERROR;
				GCC_WARN_UNDECLARED_SELECTOR = YES;
				GCC_WARN_UNINITIALIZED_AUTOS = YES_AGGRESSIVE;
				GCC_WARN_UNUSED_FUNCTION = YES;
				GCC_WARN_UNUSED_VARIABLE = YES;
				IPHONEOS_DEPLOYMENT_TARGET = 7.1;
				SDKROOT = iphoneos;
				TARGETED_DEVICE_FAMILY = 2;
				VALIDATE_PRODUCT = YES;
			};
			name = Release;
		};
		04A6BF4419DB24550000FA32 /* Debug */ = {
			isa = XCBuildConfiguration;
			buildSettings = {
				ASSETCATALOG_COMPILER_APPICON_NAME = AppIcon;
				ASSETCATALOG_COMPILER_LAUNCHIMAGE_NAME = LaunchImage;
				CODE_SIGN_IDENTITY = "iPhone Developer: Yvon Utad (HEG6WSF969)";
				GCC_PRECOMPILE_PREFIX_HEADER = YES;
				GCC_PREFIX_HEADER = "PicsBook iOS/PicsBook iOS-Prefix.pch";
				INFOPLIST_FILE = "PicsBook iOS/PicsBook iOS-Info.plist";
				PRODUCT_NAME = "$(TARGET_NAME)";
				WRAPPER_EXTENSION = app;
			};
			name = Debug;
		};
		04A6BF4519DB24550000FA32 /* Release */ = {
			isa = XCBuildConfiguration;
			buildSettings = {
				ASSETCATALOG_COMPILER_APPICON_NAME = AppIcon;
				ASSETCATALOG_COMPILER_LAUNCHIMAGE_NAME = LaunchImage;
				CODE_SIGN_IDENTITY = "iPhone Developer: Yvon Utad (HEG6WSF969)";
				GCC_PRECOMPILE_PREFIX_HEADER = YES;
				GCC_PREFIX_HEADER = "PicsBook iOS/PicsBook iOS-Prefix.pch";
				INFOPLIST_FILE = "PicsBook iOS/PicsBook iOS-Info.plist";
				PRODUCT_NAME = "$(TARGET_NAME)";
				WRAPPER_EXTENSION = app;
			};
			name = Release;
		};
		04A6BF4719DB24550000FA32 /* Debug */ = {
			isa = XCBuildConfiguration;
			buildSettings = {
				BUNDLE_LOADER = "$(BUILT_PRODUCTS_DIR)/PicsBook iOS.app/PicsBook iOS";
				FRAMEWORK_SEARCH_PATHS = (
					"$(SDKROOT)/Developer/Library/Frameworks",
					"$(inherited)",
					"$(DEVELOPER_FRAMEWORKS_DIR)",
				);
				GCC_PRECOMPILE_PREFIX_HEADER = YES;
				GCC_PREFIX_HEADER = "PicsBook iOS/PicsBook iOS-Prefix.pch";
				GCC_PREPROCESSOR_DEFINITIONS = (
					"DEBUG=1",
					"$(inherited)",
				);
				INFOPLIST_FILE = "PicsBook iOSTests/PicsBook iOSTests-Info.plist";
				PRODUCT_NAME = "$(TARGET_NAME)";
				TEST_HOST = "$(BUNDLE_LOADER)";
				WRAPPER_EXTENSION = xctest;
			};
			name = Debug;
		};
		04A6BF4819DB24550000FA32 /* Release */ = {
			isa = XCBuildConfiguration;
			buildSettings = {
				BUNDLE_LOADER = "$(BUILT_PRODUCTS_DIR)/PicsBook iOS.app/PicsBook iOS";
				FRAMEWORK_SEARCH_PATHS = (
					"$(SDKROOT)/Developer/Library/Frameworks",
					"$(inherited)",
					"$(DEVELOPER_FRAMEWORKS_DIR)",
				);
				GCC_PRECOMPILE_PREFIX_HEADER = YES;
				GCC_PREFIX_HEADER = "PicsBook iOS/PicsBook iOS-Prefix.pch";
				INFOPLIST_FILE = "PicsBook iOSTests/PicsBook iOSTests-Info.plist";
				PRODUCT_NAME = "$(TARGET_NAME)";
				TEST_HOST = "$(BUNDLE_LOADER)";
				WRAPPER_EXTENSION = xctest;
			};
			name = Release;
		};
/* End XCBuildConfiguration section */

/* Begin XCConfigurationList section */
		04A6BF0C19DB24550000FA32 /* Build configuration list for PBXProject "PicsBook iOS" */ = {
			isa = XCConfigurationList;
			buildConfigurations = (
				04A6BF4119DB24550000FA32 /* Debug */,
				04A6BF4219DB24550000FA32 /* Release */,
			);
			defaultConfigurationIsVisible = 0;
			defaultConfigurationName = Release;
		};
		04A6BF4319DB24550000FA32 /* Build configuration list for PBXNativeTarget "PicsBook iOS" */ = {
			isa = XCConfigurationList;
			buildConfigurations = (
				04A6BF4419DB24550000FA32 /* Debug */,
				04A6BF4519DB24550000FA32 /* Release */,
			);
			defaultConfigurationIsVisible = 0;
			defaultConfigurationName = Release;
		};
		04A6BF4619DB24550000FA32 /* Build configuration list for PBXNativeTarget "PicsBook iOSTests" */ = {
			isa = XCConfigurationList;
			buildConfigurations = (
				04A6BF4719DB24550000FA32 /* Debug */,
				04A6BF4819DB24550000FA32 /* Release */,
			);
			defaultConfigurationIsVisible = 0;
			defaultConfigurationName = Release;
		};
/* End XCConfigurationList section */

/* Begin XCVersionGroup section */
		04A6BF8A19DB4C6E0000FA32 /* Model.xcdatamodeld */ = {
			isa = XCVersionGroup;
			children = (
				04A6BF8B19DB4C6E0000FA32 /* Model.xcdatamodel */,
			);
			currentVersion = 04A6BF8B19DB4C6E0000FA32 /* Model.xcdatamodel */;
			path = Model.xcdatamodeld;
			sourceTree = "<group>";
			versionGroupType = wrapper.xcdatamodel;
		};
/* End XCVersionGroup section */
	};
	rootObject = 04A6BF0919DB24550000FA32 /* Project object */;
}
